// !$*UTF8*$!
{
	archiveVersion = 1;
	classes = {
	};
	objectVersion = 50;
	objects = {

/* Begin PBXBuildFile section */
		9102E1DD20F42A0D00A42B6A /* GoogleService-Info.plist in Resources */ = {isa = PBXBuildFile; fileRef = 9102E1DC20F42A0C00A42B6A /* GoogleService-Info.plist */; };
		9125A8B320F429510056A4D4 /* AppDelegate.swift in Sources */ = {isa = PBXBuildFile; fileRef = 9125A8B220F429510056A4D4 /* AppDelegate.swift */; };
		9125A8BA20F429520056A4D4 /* Assets.xcassets in Resources */ = {isa = PBXBuildFile; fileRef = 9125A8B920F429520056A4D4 /* Assets.xcassets */; };
		9125A8BD20F429520056A4D4 /* LaunchScreen.storyboard in Resources */ = {isa = PBXBuildFile; fileRef = 9125A8BB20F429520056A4D4 /* LaunchScreen.storyboard */; };
		91841BAD20F51C3700E4C59A /* Login.storyboard in Resources */ = {isa = PBXBuildFile; fileRef = 91841BAC20F51C3700E4C59A /* Login.storyboard */; };
		91841BB520F51E1B00E4C59A /* LoginViewController.swift in Sources */ = {isa = PBXBuildFile; fileRef = 91841BB420F51E1B00E4C59A /* LoginViewController.swift */; };
		91841BB720F57A4D00E4C59A /* User.swift in Sources */ = {isa = PBXBuildFile; fileRef = 91841BB620F57A4D00E4C59A /* User.swift */; };
		91841BBD20F66F5100E4C59A /* CreateUsernameViewController.swift in Sources */ = {isa = PBXBuildFile; fileRef = 91841BBC20F66F5100E4C59A /* CreateUsernameViewController.swift */; };
		91841BBF20F67B1A00E4C59A /* UserService.swift in Sources */ = {isa = PBXBuildFile; fileRef = 91841BBE20F67B1A00E4C59A /* UserService.swift */; };
		91841BC120F6C8AA00E4C59A /* Constants.swift in Sources */ = {isa = PBXBuildFile; fileRef = 91841BC020F6C8AA00E4C59A /* Constants.swift */; };
		91841BC320F6C97300E4C59A /* Storyboard+Utility.swift in Sources */ = {isa = PBXBuildFile; fileRef = 91841BC220F6C97300E4C59A /* Storyboard+Utility.swift */; };
		91841BC520F7BC8000E4C59A /* Main.storyboard in Resources */ = {isa = PBXBuildFile; fileRef = 91841BC420F7BC8000E4C59A /* Main.storyboard */; };
		91841BC720F7C2C700E4C59A /* HomeViewController.swift in Sources */ = {isa = PBXBuildFile; fileRef = 91841BC620F7C2C700E4C59A /* HomeViewController.swift */; };
		91841BC920F7C2D800E4C59A /* FindFriendsViewController.swift in Sources */ = {isa = PBXBuildFile; fileRef = 91841BC820F7C2D800E4C59A /* FindFriendsViewController.swift */; };
		DF396586635A4253468BD7B6 /* Pods_Makestagram.framework in Frameworks */ = {isa = PBXBuildFile; fileRef = 1774B6835E0B94F8C65B97EE /* Pods_Makestagram.framework */; };
/* End PBXBuildFile section */

/* Begin PBXFileReference section */
		1774B6835E0B94F8C65B97EE /* Pods_Makestagram.framework */ = {isa = PBXFileReference; explicitFileType = wrapper.framework; includeInIndex = 0; path = Pods_Makestagram.framework; sourceTree = BUILT_PRODUCTS_DIR; };
		58A7B0E74B3D83B8DEA11216 /* Pods-Makestagram.debug.xcconfig */ = {isa = PBXFileReference; includeInIndex = 1; lastKnownFileType = text.xcconfig; name = "Pods-Makestagram.debug.xcconfig"; path = "Pods/Target Support Files/Pods-Makestagram/Pods-Makestagram.debug.xcconfig"; sourceTree = "<group>"; };
		9102E1DC20F42A0C00A42B6A /* GoogleService-Info.plist */ = {isa = PBXFileReference; fileEncoding = 4; lastKnownFileType = text.plist.xml; path = "GoogleService-Info.plist"; sourceTree = "<group>"; };
		9125A8AF20F429510056A4D4 /* Makestagram.app */ = {isa = PBXFileReference; explicitFileType = wrapper.application; includeInIndex = 0; path = Makestagram.app; sourceTree = BUILT_PRODUCTS_DIR; };
		9125A8B220F429510056A4D4 /* AppDelegate.swift */ = {isa = PBXFileReference; lastKnownFileType = sourcecode.swift; path = AppDelegate.swift; sourceTree = "<group>"; };
		9125A8B920F429520056A4D4 /* Assets.xcassets */ = {isa = PBXFileReference; lastKnownFileType = folder.assetcatalog; path = Assets.xcassets; sourceTree = "<group>"; };
		9125A8BC20F429520056A4D4 /* Base */ = {isa = PBXFileReference; lastKnownFileType = file.storyboard; name = Base; path = Base.lproj/LaunchScreen.storyboard; sourceTree = "<group>"; };
		9125A8BE20F429520056A4D4 /* Info.plist */ = {isa = PBXFileReference; lastKnownFileType = text.plist.xml; path = Info.plist; sourceTree = "<group>"; };
		91841BAC20F51C3700E4C59A /* Login.storyboard */ = {isa = PBXFileReference; lastKnownFileType = file.storyboard; path = Login.storyboard; sourceTree = "<group>"; };
		91841BB420F51E1B00E4C59A /* LoginViewController.swift */ = {isa = PBXFileReference; lastKnownFileType = sourcecode.swift; path = LoginViewController.swift; sourceTree = "<group>"; };
		91841BB620F57A4D00E4C59A /* User.swift */ = {isa = PBXFileReference; lastKnownFileType = sourcecode.swift; path = User.swift; sourceTree = "<group>"; };
		91841BBC20F66F5100E4C59A /* CreateUsernameViewController.swift */ = {isa = PBXFileReference; lastKnownFileType = sourcecode.swift; path = CreateUsernameViewController.swift; sourceTree = "<group>"; };
		91841BBE20F67B1A00E4C59A /* UserService.swift */ = {isa = PBXFileReference; lastKnownFileType = sourcecode.swift; path = UserService.swift; sourceTree = "<group>"; };
		91841BC020F6C8AA00E4C59A /* Constants.swift */ = {isa = PBXFileReference; lastKnownFileType = sourcecode.swift; path = Constants.swift; sourceTree = "<group>"; };
		91841BC220F6C97300E4C59A /* Storyboard+Utility.swift */ = {isa = PBXFileReference; lastKnownFileType = sourcecode.swift; path = "Storyboard+Utility.swift"; sourceTree = "<group>"; };
		91841BC420F7BC8000E4C59A /* Main.storyboard */ = {isa = PBXFileReference; lastKnownFileType = file.storyboard; path = Main.storyboard; sourceTree = "<group>"; };
		91841BC620F7C2C700E4C59A /* HomeViewController.swift */ = {isa = PBXFileReference; lastKnownFileType = sourcecode.swift; path = HomeViewController.swift; sourceTree = "<group>"; };
		91841BC820F7C2D800E4C59A /* FindFriendsViewController.swift */ = {isa = PBXFileReference; lastKnownFileType = sourcecode.swift; path = FindFriendsViewController.swift; sourceTree = "<group>"; };
		AE455FFB42F3565853BCAF99 /* Pods-Makestagram.release.xcconfig */ = {isa = PBXFileReference; includeInIndex = 1; lastKnownFileType = text.xcconfig; name = "Pods-Makestagram.release.xcconfig"; path = "Pods/Target Support Files/Pods-Makestagram/Pods-Makestagram.release.xcconfig"; sourceTree = "<group>"; };
/* End PBXFileReference section */

/* Begin PBXFrameworksBuildPhase section */
		9125A8AC20F429510056A4D4 /* Frameworks */ = {
			isa = PBXFrameworksBuildPhase;
			buildActionMask = 2147483647;
			files = (
				DF396586635A4253468BD7B6 /* Pods_Makestagram.framework in Frameworks */,
			);
			runOnlyForDeploymentPostprocessing = 0;
		};
/* End PBXFrameworksBuildPhase section */

/* Begin PBXGroup section */
		6E67B97E61EC3311F166B22E /* Frameworks */ = {
			isa = PBXGroup;
			children = (
				1774B6835E0B94F8C65B97EE /* Pods_Makestagram.framework */,
			);
			name = Frameworks;
			sourceTree = "<group>";
		};
		7F5C381184DF60D910D96FC5 /* Pods */ = {
			isa = PBXGroup;
			children = (
				58A7B0E74B3D83B8DEA11216 /* Pods-Makestagram.debug.xcconfig */,
				AE455FFB42F3565853BCAF99 /* Pods-Makestagram.release.xcconfig */,
			);
			name = Pods;
			sourceTree = "<group>";
		};
		9125A8A620F429510056A4D4 = {
			isa = PBXGroup;
			children = (
				9125A8B120F429510056A4D4 /* Makestagram */,
				9125A8B920F429520056A4D4 /* Assets.xcassets */,
				9125A8B020F429510056A4D4 /* Products */,
				7F5C381184DF60D910D96FC5 /* Pods */,
				6E67B97E61EC3311F166B22E /* Frameworks */,
			);
			sourceTree = "<group>";
		};
		9125A8B020F429510056A4D4 /* Products */ = {
			isa = PBXGroup;
			children = (
				9125A8AF20F429510056A4D4 /* Makestagram.app */,
			);
			name = Products;
			sourceTree = "<group>";
		};
		9125A8B120F429510056A4D4 /* Makestagram */ = {
			isa = PBXGroup;
			children = (
				9125A8B220F429510056A4D4 /* AppDelegate.swift */,
				91841BAB20F517DB00E4C59A /* Views */,
				91841BAA20F517D200E4C59A /* Supporting */,
				91841BA920F517C500E4C59A /* Storyboards */,
				91841BA820F517B900E4C59A /* Services */,
				91841BA320F5171600E4C59A /* Extensions */,
				91841BA520F5174800E4C59A /* Helpers */,
				91841BA220F5169700E4C59A /* Controllers */,
				91841BA720F5178F00E4C59A /* Models */,
			);
			path = Makestagram;
			sourceTree = "<group>";
		};
		91841BA220F5169700E4C59A /* Controllers */ = {
			isa = PBXGroup;
			children = (
				91841BB420F51E1B00E4C59A /* LoginViewController.swift */,
				91841BBC20F66F5100E4C59A /* CreateUsernameViewController.swift */,
				91841BC620F7C2C700E4C59A /* HomeViewController.swift */,
				91841BC820F7C2D800E4C59A /* FindFriendsViewController.swift */,
			);
			path = Controllers;
			sourceTree = "<group>";
		};
		91841BA320F5171600E4C59A /* Extensions */ = {
			isa = PBXGroup;
			children = (
				91841BC220F6C97300E4C59A /* Storyboard+Utility.swift */,
			);
			path = Extensions;
			sourceTree = "<group>";
		};
		91841BA520F5174800E4C59A /* Helpers */ = {
			isa = PBXGroup;
			children = (
			);
			path = Helpers;
			sourceTree = "<group>";
		};
		91841BA720F5178F00E4C59A /* Models */ = {
			isa = PBXGroup;
			children = (
				91841BB620F57A4D00E4C59A /* User.swift */,
			);
			path = Models;
			sourceTree = "<group>";
		};
		91841BA820F517B900E4C59A /* Services */ = {
			isa = PBXGroup;
			children = (
				91841BBE20F67B1A00E4C59A /* UserService.swift */,
			);
			path = Services;
			sourceTree = "<group>";
		};
		91841BA920F517C500E4C59A /* Storyboards */ = {
			isa = PBXGroup;
			children = (
				91841BC420F7BC8000E4C59A /* Main.storyboard */,
				9125A8BB20F429520056A4D4 /* LaunchScreen.storyboard */,
				91841BAC20F51C3700E4C59A /* Login.storyboard */,
			);
			path = Storyboards;
			sourceTree = "<group>";
		};
		91841BAA20F517D200E4C59A /* Supporting */ = {
			isa = PBXGroup;
			children = (
				9125A8BE20F429520056A4D4 /* Info.plist */,
				9102E1DC20F42A0C00A42B6A /* GoogleService-Info.plist */,
				91841BC020F6C8AA00E4C59A /* Constants.swift */,
			);
			path = Supporting;
			sourceTree = "<group>";
		};
		91841BAB20F517DB00E4C59A /* Views */ = {
			isa = PBXGroup;
			children = (
			);
			path = Views;
			sourceTree = "<group>";
		};
/* End PBXGroup section */

/* Begin PBXNativeTarget section */
		9125A8AE20F429510056A4D4 /* Makestagram */ = {
			isa = PBXNativeTarget;
			buildConfigurationList = 9125A8C120F429520056A4D4 /* Build configuration list for PBXNativeTarget "Makestagram" */;
			buildPhases = (
				C7026707A6BE24FEC147A033 /* [CP] Check Pods Manifest.lock */,
				9125A8AB20F429510056A4D4 /* Sources */,
				9125A8AC20F429510056A4D4 /* Frameworks */,
				9125A8AD20F429510056A4D4 /* Resources */,
				EAB9F90D40F614E2A4B6E2C0 /* [CP] Embed Pods Frameworks */,
				7F6F405B8B07B3D0FCD8A5D7 /* [CP] Copy Pods Resources */,
			);
			buildRules = (
			);
			dependencies = (
			);
			name = Makestagram;
			productName = Makestagram;
			productReference = 9125A8AF20F429510056A4D4 /* Makestagram.app */;
			productType = "com.apple.product-type.application";
		};
/* End PBXNativeTarget section */

/* Begin PBXProject section */
		9125A8A720F429510056A4D4 /* Project object */ = {
			isa = PBXProject;
			attributes = {
				LastSwiftUpdateCheck = 0940;
				LastUpgradeCheck = 0940;
				ORGANIZATIONNAME = Ali;
				TargetAttributes = {
					9125A8AE20F429510056A4D4 = {
						CreatedOnToolsVersion = 9.4.1;
					};
				};
			};
			buildConfigurationList = 9125A8AA20F429510056A4D4 /* Build configuration list for PBXProject "Makestagram" */;
			compatibilityVersion = "Xcode 9.3";
			developmentRegion = en;
			hasScannedForEncodings = 0;
			knownRegions = (
				en,
				Base,
			);
			mainGroup = 9125A8A620F429510056A4D4;
			productRefGroup = 9125A8B020F429510056A4D4 /* Products */;
			projectDirPath = "";
			projectRoot = "";
			targets = (
				9125A8AE20F429510056A4D4 /* Makestagram */,
			);
		};
/* End PBXProject section */

/* Begin PBXResourcesBuildPhase section */
		9125A8AD20F429510056A4D4 /* Resources */ = {
			isa = PBXResourcesBuildPhase;
			buildActionMask = 2147483647;
			files = (
				9125A8BD20F429520056A4D4 /* LaunchScreen.storyboard in Resources */,
				9102E1DD20F42A0D00A42B6A /* GoogleService-Info.plist in Resources */,
				9125A8BA20F429520056A4D4 /* Assets.xcassets in Resources */,
				91841BC520F7BC8000E4C59A /* Main.storyboard in Resources */,
				91841BAD20F51C3700E4C59A /* Login.storyboard in Resources */,
			);
			runOnlyForDeploymentPostprocessing = 0;
		};
/* End PBXResourcesBuildPhase section */

/* Begin PBXShellScriptBuildPhase section */
		7F6F405B8B07B3D0FCD8A5D7 /* [CP] Copy Pods Resources */ = {
			isa = PBXShellScriptBuildPhase;
			buildActionMask = 2147483647;
			files = (
			);
			inputPaths = (
				"${SRCROOT}/Pods/Target Support Files/Pods-Makestagram/Pods-Makestagram-resources.sh",
				"${PODS_CONFIGURATION_BUILD_DIR}/FirebaseUI/FirebaseAuthUI.bundle",
			);
			name = "[CP] Copy Pods Resources";
			outputPaths = (
				"${TARGET_BUILD_DIR}/${UNLOCALIZED_RESOURCES_FOLDER_PATH}/FirebaseAuthUI.bundle",
			);
			runOnlyForDeploymentPostprocessing = 0;
			shellPath = /bin/sh;
			shellScript = "\"${SRCROOT}/Pods/Target Support Files/Pods-Makestagram/Pods-Makestagram-resources.sh\"\n";
			showEnvVarsInLog = 0;
		};
		C7026707A6BE24FEC147A033 /* [CP] Check Pods Manifest.lock */ = {
			isa = PBXShellScriptBuildPhase;
			buildActionMask = 2147483647;
			files = (
			);
			inputPaths = (
				"${PODS_PODFILE_DIR_PATH}/Podfile.lock",
				"${PODS_ROOT}/Manifest.lock",
			);
			name = "[CP] Check Pods Manifest.lock";
			outputPaths = (
				"$(DERIVED_FILE_DIR)/Pods-Makestagram-checkManifestLockResult.txt",
			);
			runOnlyForDeploymentPostprocessing = 0;
			shellPath = /bin/sh;
			shellScript = "diff \"${PODS_PODFILE_DIR_PATH}/Podfile.lock\" \"${PODS_ROOT}/Manifest.lock\" > /dev/null\nif [ $? != 0 ] ; then\n    # print error to STDERR\n    echo \"error: The sandbox is not in sync with the Podfile.lock. Run 'pod install' or update your CocoaPods installation.\" >&2\n    exit 1\nfi\n# This output is used by Xcode 'outputs' to avoid re-running this script phase.\necho \"SUCCESS\" > \"${SCRIPT_OUTPUT_FILE_0}\"\n";
			showEnvVarsInLog = 0;
		};
		EAB9F90D40F614E2A4B6E2C0 /* [CP] Embed Pods Frameworks */ = {
			isa = PBXShellScriptBuildPhase;
			buildActionMask = 2147483647;
			files = (
			);
			inputPaths = (
				"${SRCROOT}/Pods/Target Support Files/Pods-Makestagram/Pods-Makestagram-frameworks.sh",
				"${BUILT_PRODUCTS_DIR}/GTMSessionFetcher/GTMSessionFetcher.framework",
				"${BUILT_PRODUCTS_DIR}/GoogleToolboxForMac/GoogleToolboxForMac.framework",
				"${BUILT_PRODUCTS_DIR}/leveldb-library/leveldb.framework",
				"${BUILT_PRODUCTS_DIR}/nanopb/nanopb.framework",
			);
			name = "[CP] Embed Pods Frameworks";
			outputPaths = (
				"${TARGET_BUILD_DIR}/${FRAMEWORKS_FOLDER_PATH}/GTMSessionFetcher.framework",
				"${TARGET_BUILD_DIR}/${FRAMEWORKS_FOLDER_PATH}/GoogleToolboxForMac.framework",
				"${TARGET_BUILD_DIR}/${FRAMEWORKS_FOLDER_PATH}/leveldb.framework",
				"${TARGET_BUILD_DIR}/${FRAMEWORKS_FOLDER_PATH}/nanopb.framework",
			);
			runOnlyForDeploymentPostprocessing = 0;
			shellPath = /bin/sh;
			shellScript = "\"${SRCROOT}/Pods/Target Support Files/Pods-Makestagram/Pods-Makestagram-frameworks.sh\"\n";
			showEnvVarsInLog = 0;
		};
/* End PBXShellScriptBuildPhase section */

/* Begin PBXSourcesBuildPhase section */
		9125A8AB20F429510056A4D4 /* Sources */ = {
			isa = PBXSourcesBuildPhase;
			buildActionMask = 2147483647;
			files = (
				91841BB720F57A4D00E4C59A /* User.swift in Sources */,
				91841BB520F51E1B00E4C59A /* LoginViewController.swift in Sources */,
				91841BBF20F67B1A00E4C59A /* UserService.swift in Sources */,
				91841BC720F7C2C700E4C59A /* HomeViewController.swift in Sources */,
				91841BC320F6C97300E4C59A /* Storyboard+Utility.swift in Sources */,
				91841BC920F7C2D800E4C59A /* FindFriendsViewController.swift in Sources */,
				91841BC120F6C8AA00E4C59A /* Constants.swift in Sources */,
				91841BBD20F66F5100E4C59A /* CreateUsernameViewController.swift in Sources */,
				9125A8B320F429510056A4D4 /* AppDelegate.swift in Sources */,
			);
			runOnlyForDeploymentPostprocessing = 0;
		};
/* End PBXSourcesBuildPhase section */

/* Begin PBXVariantGroup section */
		9125A8BB20F429520056A4D4 /* LaunchScreen.storyboard */ = {
			isa = PBXVariantGroup;
			children = (
				9125A8BC20F429520056A4D4 /* Base */,
			);
			name = LaunchScreen.storyboard;
			sourceTree = "<group>";
		};
/* End PBXVariantGroup section */

/* Begin XCBuildConfiguration section */
		9125A8BF20F429520056A4D4 /* Debug */ = {
			isa = XCBuildConfiguration;
			buildSettings = {
				ALWAYS_SEARCH_USER_PATHS = NO;
				CLANG_ANALYZER_NONNULL = YES;
				CLANG_ANALYZER_NUMBER_OBJECT_CONVERSION = YES_AGGRESSIVE;
				CLANG_CXX_LANGUAGE_STANDARD = "gnu++14";
				CLANG_CXX_LIBRARY = "libc++";
				CLANG_ENABLE_MODULES = YES;
				CLANG_ENABLE_OBJC_ARC = YES;
				CLANG_ENABLE_OBJC_WEAK = YES;
				CLANG_WARN_BLOCK_CAPTURE_AUTORELEASING = YES;
				CLANG_WARN_BOOL_CONVERSION = YES;
				CLANG_WARN_COMMA = YES;
				CLANG_WARN_CONSTANT_CONVERSION = YES;
				CLANG_WARN_DEPRECATED_OBJC_IMPLEMENTATIONS = YES;
				CLANG_WARN_DIRECT_OBJC_ISA_USAGE = YES_ERROR;
				CLANG_WARN_DOCUMENTATION_COMMENTS = YES;
				CLANG_WARN_EMPTY_BODY = YES;
				CLANG_WARN_ENUM_CONVERSION = YES;
				CLANG_WARN_INFINITE_RECURSION = YES;
				CLANG_WARN_INT_CONVERSION = YES;
				CLANG_WARN_NON_LITERAL_NULL_CONVERSION = YES;
				CLANG_WARN_OBJC_IMPLICIT_RETAIN_SELF = YES;
				CLANG_WARN_OBJC_LITERAL_CONVERSION = YES;
				CLANG_WARN_OBJC_ROOT_CLASS = YES_ERROR;
				CLANG_WARN_RANGE_LOOP_ANALYSIS = YES;
				CLANG_WARN_STRICT_PROTOTYPES = YES;
				CLANG_WARN_SUSPICIOUS_MOVE = YES;
				CLANG_WARN_UNGUARDED_AVAILABILITY = YES_AGGRESSIVE;
				CLANG_WARN_UNREACHABLE_CODE = YES;
				CLANG_WARN__DUPLICATE_METHOD_MATCH = YES;
				CODE_SIGN_IDENTITY = "iPhone Developer";
				COPY_PHASE_STRIP = NO;
				DEBUG_INFORMATION_FORMAT = dwarf;
				ENABLE_STRICT_OBJC_MSGSEND = YES;
				ENABLE_TESTABILITY = YES;
				GCC_C_LANGUAGE_STANDARD = gnu11;
				GCC_DYNAMIC_NO_PIC = NO;
				GCC_NO_COMMON_BLOCKS = YES;
				GCC_OPTIMIZATION_LEVEL = 0;
				GCC_PREPROCESSOR_DEFINITIONS = (
					"DEBUG=1",
					"$(inherited)",
				);
				GCC_WARN_64_TO_32_BIT_CONVERSION = YES;
				GCC_WARN_ABOUT_RETURN_TYPE = YES_ERROR;
				GCC_WARN_UNDECLARED_SELECTOR = YES;
				GCC_WARN_UNINITIALIZED_AUTOS = YES_AGGRESSIVE;
				GCC_WARN_UNUSED_FUNCTION = YES;
				GCC_WARN_UNUSED_VARIABLE = YES;
				IPHONEOS_DEPLOYMENT_TARGET = 11.4;
				MTL_ENABLE_DEBUG_INFO = YES;
				ONLY_ACTIVE_ARCH = YES;
				SDKROOT = iphoneos;
				SWIFT_ACTIVE_COMPILATION_CONDITIONS = DEBUG;
				SWIFT_OPTIMIZATION_LEVEL = "-Onone";
			};
			name = Debug;
		};
		9125A8C020F429520056A4D4 /* Release */ = {
			isa = XCBuildConfiguration;
			buildSettings = {
				ALWAYS_SEARCH_USER_PATHS = NO;
				CLANG_ANALYZER_NONNULL = YES;
				CLANG_ANALYZER_NUMBER_OBJECT_CONVERSION = YES_AGGRESSIVE;
				CLANG_CXX_LANGUAGE_STANDARD = "gnu++14";
				CLANG_CXX_LIBRARY = "libc++";
				CLANG_ENABLE_MODULES = YES;
				CLANG_ENABLE_OBJC_ARC = YES;
				CLANG_ENABLE_OBJC_WEAK = YES;
				CLANG_WARN_BLOCK_CAPTURE_AUTORELEASING = YES;
				CLANG_WARN_BOOL_CONVERSION = YES;
				CLANG_WARN_COMMA = YES;
				CLANG_WARN_CONSTANT_CONVERSION = YES;
				CLANG_WARN_DEPRECATED_OBJC_IMPLEMENTATIONS = YES;
				CLANG_WARN_DIRECT_OBJC_ISA_USAGE = YES_ERROR;
				CLANG_WARN_DOCUMENTATION_COMMENTS = YES;
				CLANG_WARN_EMPTY_BODY = YES;
				CLANG_WARN_ENUM_CONVERSION = YES;
				CLANG_WARN_INFINITE_RECURSION = YES;
				CLANG_WARN_INT_CONVERSION = YES;
				CLANG_WARN_NON_LITERAL_NULL_CONVERSION = YES;
				CLANG_WARN_OBJC_IMPLICIT_RETAIN_SELF = YES;
				CLANG_WARN_OBJC_LITERAL_CONVERSION = YES;
				CLANG_WARN_OBJC_ROOT_CLASS = YES_ERROR;
				CLANG_WARN_RANGE_LOOP_ANALYSIS = YES;
				CLANG_WARN_STRICT_PROTOTYPES = YES;
				CLANG_WARN_SUSPICIOUS_MOVE = YES;
				CLANG_WARN_UNGUARDED_AVAILABILITY = YES_AGGRESSIVE;
				CLANG_WARN_UNREACHABLE_CODE = YES;
				CLANG_WARN__DUPLICATE_METHOD_MATCH = YES;
				CODE_SIGN_IDENTITY = "iPhone Developer";
				COPY_PHASE_STRIP = NO;
				DEBUG_INFORMATION_FORMAT = "dwarf-with-dsym";
				ENABLE_NS_ASSERTIONS = NO;
				ENABLE_STRICT_OBJC_MSGSEND = YES;
				GCC_C_LANGUAGE_STANDARD = gnu11;
				GCC_NO_COMMON_BLOCKS = YES;
				GCC_WARN_64_TO_32_BIT_CONVERSION = YES;
				GCC_WARN_ABOUT_RETURN_TYPE = YES_ERROR;
				GCC_WARN_UNDECLARED_SELECTOR = YES;
				GCC_WARN_UNINITIALIZED_AUTOS = YES_AGGRESSIVE;
				GCC_WARN_UNUSED_FUNCTION = YES;
				GCC_WARN_UNUSED_VARIABLE = YES;
				IPHONEOS_DEPLOYMENT_TARGET = 11.4;
				MTL_ENABLE_DEBUG_INFO = NO;
				SDKROOT = iphoneos;
				SWIFT_COMPILATION_MODE = wholemodule;
				SWIFT_OPTIMIZATION_LEVEL = "-O";
				VALIDATE_PRODUCT = YES;
			};
			name = Release;
		};
		9125A8C220F429520056A4D4 /* Debug */ = {
			isa = XCBuildConfiguration;
			baseConfigurationReference = 58A7B0E74B3D83B8DEA11216 /* Pods-Makestagram.debug.xcconfig */;
			buildSettings = {
				ASSETCATALOG_COMPILER_APPICON_NAME = AppIcon;
				CODE_SIGN_STYLE = Automatic;
				DEVELOPMENT_TEAM = C378TMZW64;
				INFOPLIST_FILE = "$(SRCROOT)/Makestagram/Supporting/Info.plist";
				LD_RUNPATH_SEARCH_PATHS = (
					"$(inherited)",
					"@executable_path/Frameworks",
				);
				PRODUCT_BUNDLE_IDENTIFIER = com.ali.Makestagram;
				PRODUCT_NAME = "$(TARGET_NAME)";
				SWIFT_VERSION = 4.0;
				TARGETED_DEVICE_FAMILY = "1,2";
			};
			name = Debug;
		};
		9125A8C320F429520056A4D4 /* Release */ = {
			isa = XCBuildConfiguration;
			baseConfigurationReference = AE455FFB42F3565853BCAF99 /* Pods-Makestagram.release.xcconfig */;
			buildSettings = {
				ASSETCATALOG_COMPILER_APPICON_NAME = AppIcon;
				CODE_SIGN_STYLE = Automatic;
				DEVELOPMENT_TEAM = C378TMZW64;
				INFOPLIST_FILE = "$(SRCROOT)/Makestagram/Supporting/Info.plist";
				LD_RUNPATH_SEARCH_PATHS = (
					"$(inherited)",
					"@executable_path/Frameworks",
				);
				PRODUCT_BUNDLE_IDENTIFIER = com.ali.Makestagram;
				PRODUCT_NAME = "$(TARGET_NAME)";
				SWIFT_VERSION = 4.0;
				TARGETED_DEVICE_FAMILY = "1,2";
			};
			name = Release;
		};
/* End XCBuildConfiguration section */

/* Begin XCConfigurationList section */
		9125A8AA20F429510056A4D4 /* Build configuration list for PBXProject "Makestagram" */ = {
			isa = XCConfigurationList;
			buildConfigurations = (
				9125A8BF20F429520056A4D4 /* Debug */,
				9125A8C020F429520056A4D4 /* Release */,
			);
			defaultConfigurationIsVisible = 0;
			defaultConfigurationName = Release;
		};
		9125A8C120F429520056A4D4 /* Build configuration list for PBXNativeTarget "Makestagram" */ = {
			isa = XCConfigurationList;
			buildConfigurations = (
				9125A8C220F429520056A4D4 /* Debug */,
				9125A8C320F429520056A4D4 /* Release */,
			);
			defaultConfigurationIsVisible = 0;
			defaultConfigurationName = Release;
		};
/* End XCConfigurationList section */
	};
	rootObject = 9125A8A720F429510056A4D4 /* Project object */;
}
